
Microsoft Visual Studio Solution File, Format Version 12.00
# Visual Studio Version 16
VisualStudioVersion = 25.0.1706.9
MinimumVisualStudioVersion = 10.0.40219.1
Project("{FAE04EC0-301F-11D3-BF4B-00C04F79EFBC}") = "Avalonia.MusicStore", "Avalonia.MusicStore.csproj", "{0196ED62-506B-4B38-96D8-06269B2B2B14}"
EndProject
Global
	GlobalSection(SolutionConfigurationPlatforms) = preSolution
		Debug|Any CPU = Debug|Any CPU
		Release|Any CPU = Release|Any CPU
	EndGlobalSection
	GlobalSection(ProjectConfigurationPlatforms) = postSolution
		{0196ED62-506B-4B38-96D8-06269B2B2B14}.Debug|Any CPU.ActiveCfg = Debug|Any CPU
		{0196ED62-506B-4B38-96D8-06269B2B2B14}.Debug|Any CPU.Build.0 = Debug|Any CPU
		{0196ED62-506B-4B38-96D8-06269B2B2B14}.Release|Any CPU.ActiveCfg = Release|Any CPU
		{0196ED62-506B-4B38-96D8-06269B2B2B14}.Release|Any CPU.Build.0 = Release|Any CPU
	EndGlobalSection
	GlobalSection(SolutionProperties) = preSolution
		HideSolutionNode = FALSE
	EndGlobalSection
	GlobalSection(ExtensibilityGlobals) = postSolution
		SolutionGuid = {4792BEE6-9194-455F-A0DD-E7A9AD4A82D7}
	EndGlobalSection
EndGlobal
